<?xml version="1.0" encoding="UTF-8"?>
<!DOCTYPE plist PUBLIC "-//Apple//DTD PLIST 1.0//EN" "http://www.apple.com/DTDs/PropertyList-1.0.dtd">
<plist version="1.0">
<dict>
	<key>archiveVersion</key>
	<string>1</string>
	<key>classes</key>
	<dict/>
	<key>objectVersion</key>
	<string>56</string>
	<key>objects</key>
	<dict>
		<key>000000000000000000000001</key>
		<dict>
			<key>attributes</key>
			<dict>
				<key>LastUpgradeCheck</key>
				<string>2700</string>
			</dict>
			<key>buildConfigurationList</key>
			<string>000000000000000000000019</string>
			<key>compatibilityVersion</key>
			<string>Xcode 14.0</string>
			<key>developmentRegion</key>
			<string>cs</string>
			<key>hasScannedForEncodings</key>
			<integer>0</integer>
			<key>isa</key>
			<string>PBXProject</string>
			<key>knownRegions</key>
			<array>
				<string>cs</string>
				<string>en</string>
				<string>Base</string>
			</array>
			<key>mainGroup</key>
			<string>00000000000000000000000D</string>
			<key>productRefGroup</key>
			<string>00000000000000000000000C</string>
			<key>projectDirPath</key>
			<string></string>
			<key>projectRoot</key>
			<string></string>
			<key>targets</key>
			<array>
				<string>00000000000000000000001E</string>
				<string>000000000000000000000197</string>
			</array>
		</dict>
		<key>00000000000000000000000A</key>
		<dict>
			<key>explicitFileType</key>
			<string>wrapper.application</string>
			<key>isa</key>
			<string>PBXFileReference</string>
			<key>path</key>
			<string>Ultimate Downloader Pro.app</string>
			<key>sourceTree</key>
			<string>BUILT_PRODUCTS_DIR</string>
		</dict>
		<key>00000000000000000000000B</key>
		<dict>
			<key>children</key>
			<array>
				<string>000000000000000000000064</string>
				<string>000000000000000000000065</string>
				<string>000000000000000000000066</string>
				<string>000000000000000000000067</string>
				<string>000000000000000000000068</string>
				<string>000000000000000000000069</string>
				<string>00000000000000000000006A</string>
				<string>00000000000000000000006B</string>
				<string>00000000000000000000006C</string>
				<string>00000000000000000000006D</string>
				<string>00000000000000000000006E</string>
			</array>
			<key>isa</key>
			<string>PBXGroup</string>
			<key>path</key>
			<string>Sources</string>
			<key>sourceTree</key>
			<string>&lt;group&gt;</string>
		</dict>
		<key>00000000000000000000000C</key>
		<dict>
			<key>children</key>
			<array>
				<string>00000000000000000000000A</string>
				<string>000000000000000000000192</string>
			</array>
			<key>isa</key>
			<string>PBXGroup</string>
			<key>name</key>
			<string>Products</string>
			<key>sourceTree</key>
			<string>&lt;group&gt;</string>
		</dict>
		<key>00000000000000000000000D</key>
		<dict>
			<key>children</key>
			<array>
				<string>00000000000000000000000B</string>
				<string>00000000000000000000000C</string>
				<string>000000000000000000000011</string>
				<string>0000000000000000000001C2</string>
				<string>000000000000000000000190</string>
			</array>
			<key>isa</key>
			<string>PBXGroup</string>
			<key>sourceTree</key>
			<string>&lt;group&gt;</string>
		</dict>
		<key>00000000000000000000000E</key>
		<dict>
			<key>buildActionMask</key>
			<integer>2147483647</integer>
			<key>files</key>
			<array>
				<string>0000000000000000000000C8</string>
				<string>0000000000000000000000C9</string>
				<string>0000000000000000000000CA</string>
				<string>0000000000000000000000CB</string>
				<string>0000000000000000000000CC</string>
				<string>0000000000000000000000CD</string>
				<string>0000000000000000000000CE</string>
				<string>0000000000000000000000CF</string>
				<string>0000000000000000000000D0</string>
				<string>0000000000000000000000D1</string>
				<string>0000000000000000000000D2</string>
			</array>
			<key>isa</key>
			<string>PBXSourcesBuildPhase</string>
			<key>runOnlyForDeploymentPostprocessing</key>
			<integer>0</integer>
		</dict>
		<key>00000000000000000000000F</key>
		<dict>
			<key>buildActionMask</key>
			<integer>2147483647</integer>
			<key>files</key>
			<array/>
			<key>isa</key>
			<string>PBXFrameworksBuildPhase</string>
			<key>runOnlyForDeploymentPostprocessing</key>
			<integer>0</integer>
		</dict>
		<key>000000000000000000000010</key>
		<dict>
			<key>buildActionMask</key>
			<integer>2147483647</integer>
			<key>files</key>
			<array>
				<string>000000000000000000000012</string>
				<string>0000000000000000000001C3</string>
			</array>
			<key>isa</key>
			<string>PBXResourcesBuildPhase</string>
			<key>runOnlyForDeploymentPostprocessing</key>
			<integer>0</integer>
		</dict>
		<key>000000000000000000000011</key>
		<dict>
			<key>isa</key>
			<string>PBXFileReference</string>
			<key>lastKnownFileType</key>
			<string>image.icns</string>
			<key>path</key>
			<string>AppIcon.icns</string>
			<key>sourceTree</key>
			<string>&lt;group&gt;</string>
		</dict>
		<key>000000000000000000000012</key>
		<dict>
			<key>fileRef</key>
			<string>000000000000000000000011</string>
			<key>isa</key>
			<string>PBXBuildFile</string>
		</dict>
		<key>000000000000000000000014</key>
		<dict>
			<key>buildSettings</key>
			<dict>
				<key>ALWAYS_SEARCH_USER_PATHS</key>
				<string>NO</string>
				<key>CODE_SIGN_IDENTITY</key>
				<string>-</string>
				<key>CODE_SIGN_STYLE</key>
				<string>Manual</string>
				<key>COMBINE_HIDPI_IMAGES</key>
				<string>YES</string>
				<key>ENABLE_APP_SANDBOX</key>
				<string>NO</string>
				<key>INFOPLIST_FILE</key>
				<string>Info.plist</string>
				<key>LD_RUNPATH_SEARCH_PATHS</key>
				<array>
					<string>$(inherited)</string>
					<string>@executable_path/../Frameworks</string>
				</array>
				<key>MACOSX_DEPLOYMENT_TARGET</key>
				<string>14.0</string>
				<key>PRODUCT_BUNDLE_IDENTIFIER</key>
				<string>cz.ultimate.downloaderpro</string>
				<key>PRODUCT_NAME</key>
				<string>Ultimate Downloader Pro</string>
				<key>SDKROOT</key>
				<string>macosx</string>
				<key>SWIFT_OPTIMIZATION_LEVEL</key>
				<string>-Onone</string>
				<key>SWIFT_VERSION</key>
				<string>5.0</string>
			</dict>
			<key>isa</key>
			<string>XCBuildConfiguration</string>
			<key>name</key>
			<string>Debug</string>
		</dict>
		<key>000000000000000000000015</key>
		<dict>
			<key>buildSettings</key>
			<dict>
				<key>ALWAYS_SEARCH_USER_PATHS</key>
				<string>NO</string>
				<key>CODE_SIGN_IDENTITY</key>
				<string>-</string>
				<key>CODE_SIGN_STYLE</key>
				<string>Manual</string>
				<key>COMBINE_HIDPI_IMAGES</key>
				<string>YES</string>
				<key>ENABLE_APP_SANDBOX</key>
				<string>NO</string>
				<key>INFOPLIST_FILE</key>
				<string>Info.plist</string>
				<key>LD_RUNPATH_SEARCH_PATHS</key>
				<array>
					<string>$(inherited)</string>
					<string>@executable_path/../Frameworks</string>
				</array>
				<key>MACOSX_DEPLOYMENT_TARGET</key>
				<string>14.0</string>
				<key>PRODUCT_BUNDLE_IDENTIFIER</key>
				<string>cz.ultimate.downloaderpro</string>
				<key>PRODUCT_NAME</key>
				<string>Ultimate Downloader Pro</string>
				<key>SDKROOT</key>
				<string>macosx</string>
				<key>SWIFT_OPTIMIZATION_LEVEL</key>
				<string>-O</string>
				<key>SWIFT_VERSION</key>
				<string>5.0</string>
			</dict>
			<key>isa</key>
			<string>XCBuildConfiguration</string>
			<key>name</key>
			<string>Release</string>
		</dict>
		<key>000000000000000000000016</key>
		<dict>
			<key>buildConfigurations</key>
			<array>
				<string>000000000000000000000014</string>
				<string>000000000000000000000015</string>
			</array>
			<key>defaultConfigurationIsVisible</key>
			<integer>0</integer>
			<key>defaultConfigurationName</key>
			<string>Release</string>
			<key>isa</key>
			<string>XCConfigurationList</string>
		</dict>
		<key>000000000000000000000017</key>
		<dict>
			<key>buildSettings</key>
			<dict/>
			<key>isa</key>
			<string>XCBuildConfiguration</string>
			<key>name</key>
			<string>Debug</string>
		</dict>
		<key>000000000000000000000018</key>
		<dict>
			<key>buildSettings</key>
			<dict/>
			<key>isa</key>
			<string>XCBuildConfiguration</string>
			<key>name</key>
			<string>Release</string>
		</dict>
		<key>000000000000000000000019</key>
		<dict>
			<key>buildConfigurations</key>
			<array>
				<string>000000000000000000000017</string>
				<string>000000000000000000000018</string>
			</array>
			<key>defaultConfigurationIsVisible</key>
			<integer>0</integer>
			<key>defaultConfigurationName</key>
			<string>Release</string>
			<key>isa</key>
			<string>XCConfigurationList</string>
		</dict>
		<key>00000000000000000000001E</key>
		<dict>
			<key>buildConfigurationList</key>
			<string>000000000000000000000016</string>
			<key>buildPhases</key>
			<array>
				<string>00000000000000000000000E</string>
				<string>00000000000000000000000F</string>
				<string>000000000000000000000010</string>
				<string>00000000000000000000019B</string>
			</array>
			<key>buildRules</key>
			<array/>
			<key>dependencies</key>
			<array>
				<string>000000000000000000000199</string>
			</array>
			<key>isa</key>
			<string>PBXNativeTarget</string>
			<key>name</key>
			<string>UltimateDownloader</string>
			<key>productName</key>
			<string>Ultimate Downloader Pro</string>
			<key>productReference</key>
			<string>00000000000000000000000A</string>
			<key>productType</key>
			<string>com.apple.product-type.application</string>
		</dict>
		<key>000000000000000000000064</key>
		<dict>
			<key>isa</key>
			<string>PBXFileReference</string>
			<key>lastKnownFileType</key>
			<string>sourcecode.swift</string>
			<key>path</key>
			<string>AppFeatures.swift</string>
			<key>sourceTree</key>
			<string>&lt;group&gt;</string>
		</dict>
		<key>000000000000000000000065</key>
		<dict>
			<key>isa</key>
			<string>PBXFileReference</string>
			<key>lastKnownFileType</key>
			<string>sourcecode.swift</string>
			<key>path</key>
			<string>BrowserSession.swift</string>
			<key>sourceTree</key>
			<string>&lt;group&gt;</string>
		</dict>
		<key>000000000000000000000066</key>
		<dict>
			<key>isa</key>
			<string>PBXFileReference</string>
			<key>lastKnownFileType</key>
			<string>sourcecode.swift</string>
			<key>path</key>
			<string>DownloadCore.swift</string>
			<key>sourceTree</key>
			<string>&lt;group&gt;</string>
		</dict>
		<key>000000000000000000000067</key>
		<dict>
			<key>isa</key>
			<string>PBXFileReference</string>
			<key>lastKnownFileType</key>
			<string>sourcecode.swift</string>
			<key>path</key>
			<string>DownloadStore.swift</string>
			<key>sourceTree</key>
			<string>&lt;group&gt;</string>
		</dict>
		<key>000000000000000000000068</key>
		<dict>
			<key>isa</key>
			<string>PBXFileReference</string>
			<key>lastKnownFileType</key>
			<string>sourcecode.swift</string>
			<key>path</key>
			<string>ImageDownload.swift</string>
			<key>sourceTree</key>
			<string>&lt;group&gt;</string>
		</dict>
		<key>000000000000000000000069</key>
		<dict>
			<key>isa</key>
			<string>PBXFileReference</string>
			<key>lastKnownFileType</key>
			<string>sourcecode.swift</string>
			<key>path</key>
			<string>MediaLibrary.swift</string>
			<key>sourceTree</key>
			<string>&lt;group&gt;</string>
		</dict>
		<key>00000000000000000000006A</key>
		<dict>
			<key>isa</key>
			<string>PBXFileReference</string>
			<key>lastKnownFileType</key>
			<string>sourcecode.swift</string>
			<key>path</key>
			<string>MediaOptionsView.swift</string>
			<key>sourceTree</key>
			<string>&lt;group&gt;</string>
		</dict>
		<key>00000000000000000000006B</key>
		<dict>
			<key>isa</key>
			<string>PBXFileReference</string>
			<key>lastKnownFileType</key>
			<string>sourcecode.swift</string>
			<key>path</key>
			<string>PageScanner.swift</string>
			<key>sourceTree</key>
			<string>&lt;group&gt;</string>
		</dict>
		<key>00000000000000000000006C</key>
		<dict>
			<key>isa</key>
			<string>PBXFileReference</string>
			<key>lastKnownFileType</key>
			<string>sourcecode.swift</string>
			<key>path</key>
			<string>ProcessRunner.swift</string>
			<key>sourceTree</key>
			<string>&lt;group&gt;</string>
		</dict>
		<key>00000000000000000000006D</key>
		<dict>
			<key>isa</key>
			<string>PBXFileReference</string>
			<key>lastKnownFileType</key>
			<string>sourcecode.swift</string>
			<key>path</key>
			<string>StudioView.swift</string>
			<key>sourceTree</key>
			<string>&lt;group&gt;</string>
		</dict>
		<key>00000000000000000000006E</key>
		<dict>
			<key>isa</key>
			<string>PBXFileReference</string>
			<key>lastKnownFileType</key>
			<string>sourcecode.swift</string>
			<key>path</key>
			<string>UltimateDownloaderApp.swift</string>
			<key>sourceTree</key>
			<string>&lt;group&gt;</string>
		</dict>
		<key>0000000000000000000000C8</key>
		<dict>
			<key>fileRef</key>
			<string>000000000000000000000064</string>
			<key>isa</key>
			<string>PBXBuildFile</string>
		</dict>
		<key>0000000000000000000000C9</key>
		<dict>
			<key>fileRef</key>
			<string>000000000000000000000065</string>
			<key>isa</key>
			<string>PBXBuildFile</string>
		</dict>
		<key>0000000000000000000000CA</key>
		<dict>
			<key>fileRef</key>
			<string>000000000000000000000066</string>
			<key>isa</key>
			<string>PBXBuildFile</string>
		</dict>
		<key>0000000000000000000000CB</key>
		<dict>
			<key>fileRef</key>
			<string>000000000000000000000067</string>
			<key>isa</key>
			<string>PBXBuildFile</string>
		</dict>
		<key>0000000000000000000000CC</key>
		<dict>
			<key>fileRef</key>
			<string>000000000000000000000068</string>
			<key>isa</key>
			<string>PBXBuildFile</string>
		</dict>
		<key>0000000000000000000000CD</key>
		<dict>
			<key>fileRef</key>
			<string>000000000000000000000069</string>
			<key>isa</key>
			<string>PBXBuildFile</string>
		</dict>
		<key>0000000000000000000000CE</key>
		<dict>
			<key>fileRef</key>
			<string>00000000000000000000006A</string>
			<key>isa</key>
			<string>PBXBuildFile</string>
		</dict>
		<key>0000000000000000000000CF</key>
		<dict>
			<key>fileRef</key>
			<string>00000000000000000000006B</string>
			<key>isa</key>
			<string>PBXBuildFile</string>
		</dict>
		<key>0000000000000000000000D0</key>
		<dict>
			<key>fileRef</key>
			<string>00000000000000000000006C</string>
			<key>isa</key>
			<string>PBXBuildFile</string>
		</dict>
		<key>0000000000000000000000D1</key>
		<dict>
			<key>fileRef</key>
			<string>00000000000000000000006D</string>
			<key>isa</key>
			<string>PBXBuildFile</string>
		</dict>
		<key>0000000000000000000000D2</key>
		<dict>
			<key>fileRef</key>
			<string>00000000000000000000006E</string>
			<key>isa</key>
			<string>PBXBuildFile</string>
		</dict>
		<key>000000000000000000000190</key>
		<dict>
			<key>isa</key>
			<string>PBXFileReference</string>
			<key>lastKnownFileType</key>
			<string>sourcecode.swift</string>
			<key>path</key>
			<string>ShareExtension/ShareViewController.swift</string>
			<key>sourceTree</key>
			<string>&lt;group&gt;</string>
		</dict>
		<key>000000000000000000000191</key>
		<dict>
			<key>fileRef</key>
			<string>000000000000000000000190</string>
			<key>isa</key>
			<string>PBXBuildFile</string>
		</dict>
		<key>000000000000000000000192</key>
		<dict>
			<key>explicitFileType</key>
			<string>wrapper.app-extension</string>
			<key>isa</key>
			<string>PBXFileReference</string>
			<key>path</key>
			<string>Share.appex</string>
			<key>sourceTree</key>
			<string>BUILT_PRODUCTS_DIR</string>
		</dict>
		<key>000000000000000000000193</key>
		<dict>
			<key>buildActionMask</key>
			<integer>2147483647</integer>
			<key>files</key>
			<array>
				<string>000000000000000000000191</string>
			</array>
			<key>isa</key>
			<string>PBXSourcesBuildPhase</string>
			<key>runOnlyForDeploymentPostprocessing</key>
			<integer>0</integer>
		</dict>
		<key>000000000000000000000194</key>
		<dict>
			<key>buildSettings</key>
			<dict>
				<key>ALWAYS_SEARCH_USER_PATHS</key>
				<string>NO</string>
				<key>APPLICATION_EXTENSION_API_ONLY</key>
				<string>YES</string>
				<key>CODE_SIGN_ENTITLEMENTS</key>
				<string>ShareExtension/Share.entitlements</string>
				<key>CODE_SIGN_IDENTITY</key>
				<string>-</string>
				<key>CODE_SIGN_STYLE</key>
				<string>Manual</string>
				<key>COMBINE_HIDPI_IMAGES</key>
				<string>YES</string>
				<key>ENABLE_APP_SANDBOX</key>
				<string>YES</string>
				<key>INFOPLIST_FILE</key>
				<string>ShareExtension/Info.plist</string>
				<key>LD_RUNPATH_SEARCH_PATHS</key>
				<array>
					<string>$(inherited)</string>
					<string>@executable_path/../Frameworks</string>
				</array>
				<key>MACOSX_DEPLOYMENT_TARGET</key>
				<string>14.0</string>
				<key>PRODUCT_BUNDLE_IDENTIFIER</key>
				<string>cz.ultimate.downloaderpro.share</string>
				<key>PRODUCT_NAME</key>
				<string>Share</string>
				<key>SDKROOT</key>
				<string>macosx</string>
				<key>SKIP_INSTALL</key>
				<string>YES</string>
				<key>SWIFT_VERSION</key>
				<string>5.0</string>
			</dict>
			<key>isa</key>
			<string>XCBuildConfiguration</string>
			<key>name</key>
			<string>Debug</string>
		</dict>
		<key>000000000000000000000195</key>
		<dict>
			<key>buildSettings</key>
			<dict>
				<key>ALWAYS_SEARCH_USER_PATHS</key>
				<string>NO</string>
				<key>APPLICATION_EXTENSION_API_ONLY</key>
				<string>YES</string>
				<key>CODE_SIGN_ENTITLEMENTS</key>
				<string>ShareExtension/Share.entitlements</string>
				<key>CODE_SIGN_IDENTITY</key>
				<string>-</string>
				<key>CODE_SIGN_STYLE</key>
				<string>Manual</string>
				<key>COMBINE_HIDPI_IMAGES</key>
				<string>YES</string>
				<key>ENABLE_APP_SANDBOX</key>
				<string>YES</string>
				<key>INFOPLIST_FILE</key>
				<string>ShareExtension/Info.plist</string>
				<key>LD_RUNPATH_SEARCH_PATHS</key>
				<array>
					<string>$(inherited)</string>
					<string>@executable_path/../Frameworks</string>
				</array>
				<key>MACOSX_DEPLOYMENT_TARGET</key>
				<string>14.0</string>
				<key>PRODUCT_BUNDLE_IDENTIFIER</key>
				<string>cz.ultimate.downloaderpro.share</string>
				<key>PRODUCT_NAME</key>
				<string>Share</string>
				<key>SDKROOT</key>
				<string>macosx</string>
				<key>SKIP_INSTALL</key>
				<string>YES</string>
				<key>SWIFT_VERSION</key>
				<string>5.0</string>
			</dict>
			<key>isa</key>
			<string>XCBuildConfiguration</string>
			<key>name</key>
			<string>Release</string>
		</dict>
		<key>000000000000000000000196</key>
		<dict>
			<key>buildConfigurations</key>
			<array>
				<string>000000000000000000000194</string>
				<string>000000000000000000000195</string>
			</array>
			<key>defaultConfigurationIsVisible</key>
			<integer>0</integer>
			<key>defaultConfigurationName</key>
			<string>Release</string>
			<key>isa</key>
			<string>XCConfigurationList</string>
		</dict>
		<key>000000000000000000000197</key>
		<dict>
			<key>buildConfigurationList</key>
			<string>000000000000000000000196</string>
			<key>buildPhases</key>
			<array>
				<string>000000000000000000000193</string>
			</array>
			<key>buildRules</key>
			<array/>
			<key>dependencies</key>
			<array/>
			<key>isa</key>
			<string>PBXNativeTarget</string>
			<key>name</key>
			<string>Share</string>
			<key>productName</key>
			<string>Share</string>
			<key>productReference</key>
			<string>000000000000000000000192</string>
			<key>productType</key>
			<string>com.apple.product-type.app-extension</string>
		</dict>
		<key>000000000000000000000198</key>
		<dict>
			<key>containerPortal</key>
			<string>000000000000000000000001</string>
			<key>isa</key>
			<string>PBXContainerItemProxy</string>
			<key>proxyType</key>
			<integer>1</integer>
			<key>remoteGlobalIDString</key>
			<string>000000000000000000000197</string>
			<key>remoteInfo</key>
			<string>Share</string>
		</dict>
		<key>000000000000000000000199</key>
		<dict>
			<key>isa</key>
			<string>PBXTargetDependency</string>
			<key>target</key>
			<string>000000000000000000000197</string>
			<key>targetProxy</key>
			<string>000000000000000000000198</string>
		</dict>
		<key>00000000000000000000019A</key>
		<dict>
			<key>fileRef</key>
			<string>000000000000000000000192</string>
			<key>isa</key>
			<string>PBXBuildFile</string>
			<key>settings</key>
			<dict>
				<key>ATTRIBUTES</key>
				<array>
					<string>RemoveHeadersOnCopy</string>
				</array>
			</dict>
		</dict>
		<key>00000000000000000000019B</key>
		<dict>
			<key>buildActionMask</key>
			<integer>2147483647</integer>
			<key>dstPath</key>
			<string></string>
			<key>dstSubfolderSpec</key>
			<integer>13</integer>
			<key>files</key>
			<array>
				<string>00000000000000000000019A</string>
			</array>
			<key>isa</key>
			<string>PBXCopyFilesBuildPhase</string>
			<key>name</key>
			<string>Embed App Extensions</string>
			<key>runOnlyForDeploymentPostprocessing</key>
			<integer>0</integer>
		</dict>
		<key>0000000000000000000001C2</key>
		<dict>
			<key>isa</key>
			<string>PBXFileReference</string>
			<key>lastKnownFileType</key>
			<string>image.jpeg</string>
			<key>path</key>
			<string>DeveloperPhoto.jpg</string>
			<key>sourceTree</key>
			<string>&lt;group&gt;</string>
		</dict>
		<key>0000000000000000000001C3</key>
		<dict>
			<key>fileRef</key>
			<string>0000000000000000000001C2</string>
			<key>isa</key>
			<string>PBXBuildFile</string>
		</dict>
	</dict>
	<key>rootObject</key>
	<string>000000000000000000000001</string>
</dict>
</plist>
